github.com/emersion/go-sasl v0.0.0-20241020182733-b788ff22d5a6 h1:oP4q0fw+fOSWn3DfFi4EXdT+B+gTtzx8GC9xsc26Znk=
github.com/emersion/go-sasl v0.0.0-20241020182733-b788ff22d5a6/go.mod h1:iL2twTeMvZnrg54ZoPDNfJaJaqy0xIQFuBdrLsmspwQ=
github.com/emersion/go-smtp v0.24.0 h1:g6AfoF140mvW0vLNPD/LuCBLEAdlxOjIXqbIkJIS6Wk=
github.com/emersion/go-smtp v0.24.0/go.mod h1:ZtRRkbTyp2XTHCA+BmyTFTrj8xY4I+b4McvHxCU2gsQ=
github.com/traefik/yaegi v0.16.1 h1:f1De3DVJqIDKmnasUF6MwmWv1dSEEat0wcpXhD2On3E=
github.com/traefik/yaegi v0.16.1/go.mod h1:4eVhbPb3LnD2VigQjhYbEJ69vDRFdT2HQNrXx8eEwUY=
go.starlark.net v0.0.0-20251222184526-15019ee33dea h1:fxQn36+6/YWDtVtPdAJBNRD7jpIARIlBFKGuPc3hGQM=
go.starlark.net v0.0.0-20251222184526-15019ee33dea/go.mod h1:YKMCv9b1WrfWmeqdV5MAuEHWsu5iC+fe6kYl2sQjdI8=
golang.org/x/sys v0.0.0-20220715151400-c0bba94af5f8 h1:0A+M6Uqn+Eje4kHMK80dtF3JCXC4ykBgQG4Fe06QRhQ=
golang.org/x/sys v0.0.0-20220715151400-c0bba94af5f8/go.mod h1:oPkhp1MJrh7nUepCBck5+mAzfO9JrbApNNgaTdGDITg=
gopkg.in/check.v1 v0.0.0-20161208181325-20d25e280405 h1:yhCVgyC4o1eVCa2tZl7eS0r+SDo693bJlVdllGtEeKM=
gopkg.in/check.v1 v0.0.0-20161208181325-20d25e280405/go.mod h1:Co6ibVJAznAaIkqp8huTwlJQCZ016jof/cbN4VW5Yz0=
gopkg.in/yaml.v3 v3.0.1 h1:fxVm/GzAzEWqLHuvctI91KS9hhNmmWOoWu0XTYJS7CA=
gopkg.in/yaml.v3 v3.0.1/go.mod h1:K4uyk7z7BCEPqu6E+C64Yfv1cQ7kz7rIZviUmN+EgEM=
